&id001 !!python/object/new:assetutilities.common.data.AttributeDict
state: *id001
dictitems:
  basename: bsee
  type:
    data: true
    analysis: false
    results: false
  result_method: selenium
  settings_master: ~
  input:
  - save_csv: true
    url: https://www.data.bsee.gov/Well/APD/Default.aspx
    output_dir: src\energydata\tests\test_data\bsee\results\Data\jack_by_block
    label: Jack_1
    bottom_area: Walker Ridge (WR)
    bottom_block: 758
  - save_csv: true
    url: https://www.data.bsee.gov/Well/APD/Default.aspx
    output_dir: src\energydata\tests\test_data\bsee\results\Data\jack_by_block
    label: Jack_2
    bottom_area: Walker Ridge (WR)
    bottom_block: 759
  default:
    log_level: DEBUG
    config:
      overwrite:
        output: true
      cfg_sensitivities: false
  well_data:
    flag: true
    analysis: false
  settings:
    save_csv: true
    url: https://www.data.bsee.gov/Well/APD/Default.aspx
    output_dir: src\energydata\tests\test_data\bsee\results\Data\jack_by_block
  form_data:
    first_request:
      ASPxFormLayout1$ASPxComboBoxBA: Walker Ridge (WR)
      ASPxFormLayout1$ASPxComboBoxBA$DDD$L: WR
      ASPxFormLayout1_ASPxComboBoxBBN_VI: '678'
      ASPxFormLayout1$ASPxComboBoxBBN: '678'
      ASPxFormLayout1$ASPxButtonSubmitQ: Submit Query
    second_request:
      ASPxFormLayout1$ASPxComboBoxBA: Walker Ridge (WR)
      ASPxFormLayout1$ASPxComboBoxBA$DDD$L: WR
      ASPxFormLayout1_ASPxComboBoxBBN_VI: '678'
      ASPxFormLayout1$ASPxComboBoxBBN: '678'
      __EVENTTARGET: ASPxFormLayout2$btnCsvExport
      __EVENTARGUMENT: Click
  Analysis:
    basename: bsee
    analysis_root_folder: c:\github\energydata\src\energydata\tests\test_data\bsee
    file_name: jack_by_block
    file_name_for_overwrite: jack_by_block
    result_folder: c:\github\energydata\src\energydata\tests\test_data\bsee\results
    log_folder: c:\github\energydata\src\energydata\tests\test_data\bsee\logs
    start_time: 2024-11-14 10:15:32.825358
    cfg_array_file_names: ~
    DefaultInputFile: ~
    CustomInputFile: c:\github\energydata\src\energydata\tests\test_data\bsee\jack_by_block.yml
    fe_folder: c:\github\energydata\src\energydata\tests\test_data\bsee\results
