&id001 !!python/object/new:assetutilities.common.data.AttributeDict
state: *id001
dictitems:
  basename: bsee
  type:
    data: true
    analysis: false
    results: false
  result_method: selenium
  settings_master: ~
  input:
  - save_csv: true
    url: https://www.data.bsee.gov/Well/APD/Default.aspx
    output_dir: src\energydata\tests\test_data\bsee\results\Data\stmalo_by_block
    label: StMalo
    bottom_area: Walker Ridge (WR)
    bottom_block: 678
  default:
    log_level: DEBUG
    config:
      overwrite:
        output: true
      cfg_sensitivities: false
  well_data:
    flag: true
    analysis: false
  settings:
    save_csv: true
    url: https://www.data.bsee.gov/Well/APD/Default.aspx
    output_dir: src\energydata\tests\test_data\bsee\results\Data\stmalo_by_block
  Analysis:
    basename: bsee
    analysis_root_folder: c:\Users\Sk Samdan\Desktop\energydata\src\energydata\tests\test_data\bsee
    file_name: stmalo_by_block
    file_name_for_overwrite: stmalo_by_block
    result_folder: c:\Users\Sk Samdan\Desktop\energydata\src\energydata\tests\test_data\bsee\results
    log_folder: c:\Users\Sk Samdan\Desktop\energydata\src\energydata\tests\test_data\bsee\logs
    start_time: 2024-11-14 10:45:28.503924
    cfg_array_file_names: ~
    DefaultInputFile: ~
    CustomInputFile: c:\Users\Sk Samdan\Desktop\energydata\src\energydata\tests\test_data\bsee\stmalo_by_block.yml
    fe_folder: c:\Users\Sk Samdan\Desktop\energydata\src\energydata\tests\test_data\bsee\results
