meta:
  library: worldenergydata
  basename: bsee
  label: goa_stones
  
basename: bsee

data:
  groups:
    - 
      bottom_block:
        area: WR
        number: 508
      api12: NULL
      bottom_lease: NULL
  
default:
  log_level: INFO
  config:
    overwrite:
      output: True
    cfg_sensitivities: False
