basename: bsee

well_data:
  flag: True
  analysis: False

settings:
  save_csv: True
  url: https://www.data.bsee.gov/Well/APD/Default.aspx
  output_dir: src\energydata\tests\test_data\bsee\results\Data\jack_by_block

input:
  - label: Jack_1
    bottom_area: Walker Ridge (WR)
    bottom_block: 758
  - label: Jack_2
    bottom_area: Walker Ridge (WR)
    bottom_block: 759

form_data:
  first_request:
    ASPxFormLayout1$ASPxComboBoxBA: "Walker Ridge (WR)"
    ASPxFormLayout1$ASPxComboBoxBA$DDD$L: "WR"
    ASPxFormLayout1_ASPxComboBoxBBN_VI: "678"
    ASPxFormLayout1$ASPxComboBoxBBN: "678"
    ASPxFormLayout1$ASPxButtonSubmitQ: "Submit Query"

  second_request:
    ASPxFormLayout1$ASPxComboBoxBA: "Walker Ridge (WR)"
    ASPxFormLayout1$ASPxComboBoxBA$DDD$L: "WR"
    ASPxFormLayout1_ASPxComboBoxBBN_VI: "678"
    ASPxFormLayout1$ASPxComboBoxBBN: "678"
    __EVENTTARGET: "ASPxFormLayout2$btnCsvExport"
    __EVENTARGUMENT: "Click"


default:
  log_level: DEBUG
  config:
    overwrite:
      output: True
    cfg_sensitivities: False
