&id001 !!python/object/new:assetutilities.common.data.AttributeDict
state: *id001
dictitems:
  basename: bsee
  type:
    data: false
    analysis: false
    results: false
  result_method: selenium
  settings_master: ~
  input:
  - save_csv: true
    url: https://www.data.bsee.gov/Well/APD/Default.aspx
    output_dir: tests\modules\bsee\analysis\results\Data\jack_by_block
    label: WR758
    bottom_area: Walker Ridge (WR)
    bottom_block: 758
  - save_csv: true
    url: https://www.data.bsee.gov/Well/APD/Default.aspx
    output_dir: tests\modules\bsee\analysis\results\Data\jack_by_block
    label: WR759
    bottom_area: Walker Ridge (WR)
    bottom_block: 759
  default:
    log_level: DEBUG
    config:
      overwrite:
        output: true
      cfg_sensitivities: false
  block_data:
    flag: true
    analysis: false
  settings:
    save_csv: true
    url: https://www.data.bsee.gov/Well/APD/Default.aspx
    output_dir: tests\modules\bsee\analysis\results\Data\jack_by_block
  form_data:
    first_request:
      ASPxFormLayout1$ASPxComboBoxBA: Walker Ridge (WR)
      ASPxFormLayout1$ASPxComboBoxBA$DDD$L: WR
      ASPxFormLayout1_ASPxComboBoxBBN_VI: None
      ASPxFormLayout1$ASPxComboBoxBBN: None
      ASPxFormLayout1$ASPxButtonSubmitQ: Submit Query
    second_request:
      ASPxFormLayout1$ASPxComboBoxBA: Walker Ridge (WR)
      ASPxFormLayout1$ASPxComboBoxBA$DDD$L: WR
      ASPxFormLayout1_ASPxComboBoxBBN_VI: None
      ASPxFormLayout1$ASPxComboBoxBBN: None
      __EVENTTARGET: ASPxFormLayout2$btnCsvExport
      __EVENTARGUMENT: Click
  Analysis:
    basename: bsee
    analysis_root_folder: tests\modules\bsee\analysis
    file_name: jack_by_block
    file_name_for_overwrite: jack_by_block
    result_folder: tests\modules\bsee\analysis\results
    log_folder: tests\modules\bsee\analysis\logs
    start_time: 2025-01-18 10:34:52.186971
    cfg_array_file_names: ~
    DefaultInputFile: ~
    CustomInputFile: tests\modules\bsee\analysis\jack_by_block.yml
    fe_folder: tests\modules\bsee\analysis\results
